Microsoft Visual Studio Solution File, Format Version 12.00
# Visual Studio 15
VisualStudioVersion = 15.0.27019.1
MinimumVisualStudioVersion = 15.0.26124.0
Project("{9A19103F-16F7-4668-BE54-9A1E7A4F7556}") = "Scribble", "Scribble\Scribble.csproj", "{3CC8A55E-A392-40BC-99C0-6979D8E1EDAD}"
EndProject
Project("{FAE04EC0-301F-11D3-BF4B-00C04F79EFBC}") = "Scribble.Tests", "Scribble.Tests\Scribble.Tests.csproj", "{61E867AB-DF56-4AA0-B6B3-126EFDE08DD9}"
EndProject
Project("{E53339B2-1760-4266-BCC7-CA923CBCF16C}") = "docker-compose", "docker-compose.dcproj", "{201DA683-38EF-4B87-B4B4-456E32E9BC47}"
EndProject
Global
	GlobalSection(SolutionConfigurationPlatforms) = preSolution
		Debug|Any CPU = Debug|Any CPU
		Debug|x64 = Debug|x64
		Debug|x86 = Debug|x86
		Release|Any CPU = Release|Any CPU
		Release|x64 = Release|x64
		Release|x86 = Release|x86
	EndGlobalSection
	GlobalSection(ProjectConfigurationPlatforms) = postSolution
		{3CC8A55E-A392-40BC-99C0-6979D8E1EDAD}.Debug|Any CPU.ActiveCfg = Debug|Any CPU
		{3CC8A55E-A392-40BC-99C0-6979D8E1EDAD}.Debug|Any CPU.Build.0 = Debug|Any CPU
		{3CC8A55E-A392-40BC-99C0-6979D8E1EDAD}.Debug|x64.ActiveCfg = Debug|Any CPU
		{3CC8A55E-A392-40BC-99C0-6979D8E1EDAD}.Debug|x64.Build.0 = Debug|Any CPU
		{3CC8A55E-A392-40BC-99C0-6979D8E1EDAD}.Debug|x86.ActiveCfg = Debug|Any CPU
		{3CC8A55E-A392-40BC-99C0-6979D8E1EDAD}.Debug|x86.Build.0 = Debug|Any CPU
		{3CC8A55E-A392-40BC-99C0-6979D8E1EDAD}.Release|Any CPU.ActiveCfg = Release|Any CPU
		{3CC8A55E-A392-40BC-99C0-6979D8E1EDAD}.Release|Any CPU.Build.0 = Release|Any CPU
		{3CC8A55E-A392-40BC-99C0-6979D8E1EDAD}.Release|x64.ActiveCfg = Release|Any CPU
		{3CC8A55E-A392-40BC-99C0-6979D8E1EDAD}.Release|x64.Build.0 = Release|Any CPU
		{3CC8A55E-A392-40BC-99C0-6979D8E1EDAD}.Release|x86.ActiveCfg = Release|Any CPU
		{3CC8A55E-A392-40BC-99C0-6979D8E1EDAD}.Release|x86.Build.0 = Release|Any CPU
		{61E867AB-DF56-4AA0-B6B3-126EFDE08DD9}.Debug|Any CPU.ActiveCfg = Debug|Any CPU
		{61E867AB-DF56-4AA0-B6B3-126EFDE08DD9}.Debug|Any CPU.Build.0 = Debug|Any CPU
		{61E867AB-DF56-4AA0-B6B3-126EFDE08DD9}.Debug|x64.ActiveCfg = Debug|Any CPU
		{61E867AB-DF56-4AA0-B6B3-126EFDE08DD9}.Debug|x64.Build.0 = Debug|Any CPU
		{61E867AB-DF56-4AA0-B6B3-126EFDE08DD9}.Debug|x86.ActiveCfg = Debug|Any CPU
		{61E867AB-DF56-4AA0-B6B3-126EFDE08DD9}.Debug|x86.Build.0 = Debug|Any CPU
		{61E867AB-DF56-4AA0-B6B3-126EFDE08DD9}.Release|Any CPU.ActiveCfg = Release|Any CPU
		{61E867AB-DF56-4AA0-B6B3-126EFDE08DD9}.Release|Any CPU.Build.0 = Release|Any CPU
		{61E867AB-DF56-4AA0-B6B3-126EFDE08DD9}.Release|x64.ActiveCfg = Release|Any CPU
		{61E867AB-DF56-4AA0-B6B3-126EFDE08DD9}.Release|x64.Build.0 = Release|Any CPU
		{61E867AB-DF56-4AA0-B6B3-126EFDE08DD9}.Release|x86.ActiveCfg = Release|Any CPU
		{61E867AB-DF56-4AA0-B6B3-126EFDE08DD9}.Release|x86.Build.0 = Release|Any CPU
		{201DA683-38EF-4B87-B4B4-456E32E9BC47}.Debug|Any CPU.ActiveCfg = Debug|Any CPU
		{201DA683-38EF-4B87-B4B4-456E32E9BC47}.Debug|Any CPU.Build.0 = Debug|Any CPU
		{201DA683-38EF-4B87-B4B4-456E32E9BC47}.Debug|x64.ActiveCfg = Debug|Any CPU
		{201DA683-38EF-4B87-B4B4-456E32E9BC47}.Debug|x64.Build.0 = Debug|Any CPU
		{201DA683-38EF-4B87-B4B4-456E32E9BC47}.Debug|x86.ActiveCfg = Debug|Any CPU
		{201DA683-38EF-4B87-B4B4-456E32E9BC47}.Debug|x86.Build.0 = Debug|Any CPU
		{201DA683-38EF-4B87-B4B4-456E32E9BC47}.Release|Any CPU.ActiveCfg = Release|Any CPU
		{201DA683-38EF-4B87-B4B4-456E32E9BC47}.Release|Any CPU.Build.0 = Release|Any CPU
		{201DA683-38EF-4B87-B4B4-456E32E9BC47}.Release|x64.ActiveCfg = Release|Any CPU
		{201DA683-38EF-4B87-B4B4-456E32E9BC47}.Release|x64.Build.0 = Release|Any CPU
		{201DA683-38EF-4B87-B4B4-456E32E9BC47}.Release|x86.ActiveCfg = Release|Any CPU
		{201DA683-38EF-4B87-B4B4-456E32E9BC47}.Release|x86.Build.0 = Release|Any CPU
	EndGlobalSection
	GlobalSection(SolutionProperties) = preSolution
		HideSolutionNode = FALSE
	EndGlobalSection
	GlobalSection(ExtensibilityGlobals) = postSolution
		SolutionGuid = {0748B9D4-BB29-41C6-BF1D-70D8B802DE42}
	EndGlobalSection
EndGlobal
